
Microsoft Visual Studio Solution File, Format Version 12.00
# Visual Studio Version 17
VisualStudioVersion = 17.0.32112.339
MinimumVisualStudioVersion = 10.0.40219.1
Project("{9A19103F-16F7-4668-BE54-9A1E7A4F7556}") = "WebShop", "WebShop\WebShop.csproj", "{2C25EF58-50DC-4692-A3C8-64BA1DB02D81}"
EndProject
Project("{FAE04EC0-301F-11D3-BF4B-00C04F79EFBC}") = "WebShopXunitTest", "WebShopXunitTest\WebShopXunitTest.csproj", "{BCA4A939-F534-45EC-B5CE-A0F8BBB56AA8}"
EndProject
Global
	GlobalSection(SolutionConfigurationPlatforms) = preSolution
		Debug|Any CPU = Debug|Any CPU
		Release|Any CPU = Release|Any CPU
	EndGlobalSection
	GlobalSection(ProjectConfigurationPlatforms) = postSolution
		{2C25EF58-50DC-4692-A3C8-64BA1DB02D81}.Debug|Any CPU.ActiveCfg = Debug|Any CPU
		{2C25EF58-50DC-4692-A3C8-64BA1DB02D81}.Debug|Any CPU.Build.0 = Debug|Any CPU
		{2C25EF58-50DC-4692-A3C8-64BA1DB02D81}.Release|Any CPU.ActiveCfg = Release|Any CPU
		{2C25EF58-50DC-4692-A3C8-64BA1DB02D81}.Release|Any CPU.Build.0 = Release|Any CPU
		{BCA4A939-F534-45EC-B5CE-A0F8BBB56AA8}.Debug|Any CPU.ActiveCfg = Debug|Any CPU
		{BCA4A939-F534-45EC-B5CE-A0F8BBB56AA8}.Debug|Any CPU.Build.0 = Debug|Any CPU
		{BCA4A939-F534-45EC-B5CE-A0F8BBB56AA8}.Release|Any CPU.ActiveCfg = Release|Any CPU
		{BCA4A939-F534-45EC-B5CE-A0F8BBB56AA8}.Release|Any CPU.Build.0 = Release|Any CPU
	EndGlobalSection
	GlobalSection(SolutionProperties) = preSolution
		HideSolutionNode = FALSE
	EndGlobalSection
	GlobalSection(ExtensibilityGlobals) = postSolution
		SolutionGuid = {EB0CC33A-A28D-4418-84A0-704108FAEDA4}
	EndGlobalSection
EndGlobal
